
Microsoft Visual Studio Solution File, Format Version 12.00
Project("{FAE04EC0-301F-11D3-BF4B-00C04F79EFBC}") = "Shape", "Shape\Shape.csproj", "{9ACDAE45-C2A6-4D48-9D36-BBE40395F4D6}"
EndProject
Project("{FAE04EC0-301F-11D3-BF4B-00C04F79EFBC}") = "Shape.Tests", "Shape.Tests\Shape.Tests.csproj", "{DFD77BA6-34CB-469E-A5E2-9A8198A9E648}"
EndProject
Global
	GlobalSection(SolutionConfigurationPlatforms) = preSolution
		Debug|Any CPU = Debug|Any CPU
		Release|Any CPU = Release|Any CPU
	EndGlobalSection
	GlobalSection(ProjectConfigurationPlatforms) = postSolution
		{9ACDAE45-C2A6-4D48-9D36-BBE40395F4D6}.Debug|Any CPU.ActiveCfg = Debug|Any CPU
		{9ACDAE45-C2A6-4D48-9D36-BBE40395F4D6}.Debug|Any CPU.Build.0 = Debug|Any CPU
		{9ACDAE45-C2A6-4D48-9D36-BBE40395F4D6}.Release|Any CPU.ActiveCfg = Release|Any CPU
		{9ACDAE45-C2A6-4D48-9D36-BBE40395F4D6}.Release|Any CPU.Build.0 = Release|Any CPU
		{DFD77BA6-34CB-469E-A5E2-9A8198A9E648}.Debug|Any CPU.ActiveCfg = Debug|Any CPU
		{DFD77BA6-34CB-469E-A5E2-9A8198A9E648}.Debug|Any CPU.Build.0 = Debug|Any CPU
		{DFD77BA6-34CB-469E-A5E2-9A8198A9E648}.Release|Any CPU.ActiveCfg = Release|Any CPU
		{DFD77BA6-34CB-469E-A5E2-9A8198A9E648}.Release|Any CPU.Build.0 = Release|Any CPU
	EndGlobalSection
EndGlobal
